
Microsoft Visual Studio Solution File, Format Version 12.00
Project("{2150E333-8FDC-42A3-9474-1A3956D46DE8}") = "src", "src", "{A89E9645-0051-42B1-A110-64A6ACE68B47}"
EndProject
Project("{FAE04EC0-301F-11D3-BF4B-00C04F79EFBC}") = "RecordedCourseSellingApp.Web", "src\RecordedCourseSellingApp.Web\RecordedCourseSellingApp.Web.csproj", "{4FA4D1FB-33E0-4C60-B396-EBB61116B627}"
EndProject
Global
	GlobalSection(SolutionConfigurationPlatforms) = preSolution
		Debug|Any CPU = Debug|Any CPU
		Release|Any CPU = Release|Any CPU
	EndGlobalSection
	GlobalSection(NestedProjects) = preSolution
		{4FA4D1FB-33E0-4C60-B396-EBB61116B627} = {A89E9645-0051-42B1-A110-64A6ACE68B47}
	EndGlobalSection
	GlobalSection(ProjectConfigurationPlatforms) = postSolution
		{4FA4D1FB-33E0-4C60-B396-EBB61116B627}.Debug|Any CPU.ActiveCfg = Debug|Any CPU
		{4FA4D1FB-33E0-4C60-B396-EBB61116B627}.Debug|Any CPU.Build.0 = Debug|Any CPU
		{4FA4D1FB-33E0-4C60-B396-EBB61116B627}.Release|Any CPU.ActiveCfg = Release|Any CPU
		{4FA4D1FB-33E0-4C60-B396-EBB61116B627}.Release|Any CPU.Build.0 = Release|Any CPU
	EndGlobalSection
EndGlobal
